<Solution>
    <Folder Name="/src/libraries/">
        <Project
            Path="./src/libraries/Bitenovac.DecompressionAlgorithms.Core/Bitenovac.DecompressionAlgorithms.Core.csproj"/>
        <Project
            Path="./src/libraries/Bitenovac.DecompressionAlgorithms.Units/Bitenovac.DecompressionAlgorithms.Units.csproj"/>
        <Project
            Path="./src/libraries/Bitenovac.DecompressionAlgorithms.BuhlmannZhl16c/Bitenovac.DecompressionAlgorithms.BuhlmannZhl16c.csproj"/>
    </Folder>
    <Folder Name="/SolutionItems/">
        <File Path=".editorconfig"/>
        <File Path=".gitignore"/>
        <File Path="Bitenovac-Decompression.slnx"/>
        <File Path="Directory.Build.props"/>
        <File Path="Directory.Build.targets"/>
        <File Path="Directory.Packages.props"/>
        <File Path="global.json"/>
        <File Path="nuget.config"/>
    </Folder>
    <Folder Name="/src/"/>

    <Folder Name="/src/apps/">
        <Project Path="./src/apps/Bitenovac.DecompressionCalculator.Api/Bitenovac.DecompressionCalculator.Api.csproj"/>
    </Folder>

    <Folder Name="/tests/libraries/">
        <Project
            Path="./tests/libraries/Bitenovac.DecompressionAlgorithms.Core.Unit.Tests/Bitenovac.DecompressionAlgorithms.Core.Unit.Tests.csproj"/>
        <Project
            Path="./tests/libraries/Bitenovac.DecompressionAlgorithms.Units.Unit.Tests/Bitenovac.DecompressionAlgorithms.Units.Unit.Tests.csproj"/>
        <Project
            Path="./tests/libraries/Bitenovac.DecompressionAlgorithms.BuhlmannZhl16c.Unit.Tests/Bitenovac.DecompressionAlgorithms.BuhlmannZhl16c.Unit.Tests.csproj"/>
        <Project
            Path="./tests/libraries/Bitenovac.DecompressionAlgorithms.BuhlmannZhl16c.Integration.Tests/Bitenovac.DecompressionAlgorithms.BuhlmannZhl16c.Integration.Tests.csproj"/>
    </Folder>
    <Folder Name="/tests/"/>

    <Folder Name="/tests/apps/">
        <Project
            Path="./tests/apps/Bitenovac.DecompressionCalculator.Api.Unit.Tests/Bitenovac.DecompressionCalculator.Api.Unit.Tests.csproj"/>
        <Project
            Path="./tests/apps/Bitenovac.DecompressionCalculator.Api.Integration.Tests/Bitenovac.DecompressionCalculator.Api.Integration.Tests.csproj"/>
        <Project
            Path="./tests/apps/Bitenovac.DecompressionCalculator.Api.E2E.Tests/Bitenovac.DecompressionCalculator.Api.E2E.Tests.csproj"/>
    </Folder>
</Solution>